// !$*UTF8*$!
{
	archiveVersion = 1;
	classes = {
	};
	objectVersion = 50;
	objects = {

/* Begin PBXBuildFile section */
		1E1B480AB24A43DF9ECDE94C /* Pods_greekConnect.framework in Frameworks */ = {isa = PBXBuildFile; fileRef = ABCD171A2B9B2C3FC53CAA86 /* Pods_greekConnect.framework */; };
		3A038D75228BA0A9001AE44F /* Main.storyboard in Resources */ = {isa = PBXBuildFile; fileRef = 3A038D74228BA0A9001AE44F /* Main.storyboard */; };
		3A038D77228BF810001AE44F /* User.swift in Sources */ = {isa = PBXBuildFile; fileRef = 3A038D76228BF810001AE44F /* User.swift */; };
		3A39892F226FE675001EBBF6 /* AppDelegate.swift in Sources */ = {isa = PBXBuildFile; fileRef = 3A39892E226FE675001EBBF6 /* AppDelegate.swift */; };
		3A398931226FE675001EBBF6 /* ViewController.swift in Sources */ = {isa = PBXBuildFile; fileRef = 3A398930226FE675001EBBF6 /* ViewController.swift */; };
		3A398936226FE677001EBBF6 /* Assets.xcassets in Resources */ = {isa = PBXBuildFile; fileRef = 3A398935226FE677001EBBF6 /* Assets.xcassets */; };
		3A398939226FE677001EBBF6 /* LaunchScreen.storyboard in Resources */ = {isa = PBXBuildFile; fileRef = 3A398937226FE677001EBBF6 /* LaunchScreen.storyboard */; };
		3A398944226FE677001EBBF6 /* greekConnectTests.swift in Sources */ = {isa = PBXBuildFile; fileRef = 3A398943226FE677001EBBF6 /* greekConnectTests.swift */; };
		3A39894F226FE677001EBBF6 /* greekConnectUITests.swift in Sources */ = {isa = PBXBuildFile; fileRef = 3A39894E226FE677001EBBF6 /* greekConnectUITests.swift */; };
		3A39895D226FE840001EBBF6 /* GoogleService-Info.plist in Resources */ = {isa = PBXBuildFile; fileRef = 3A39895C226FE840001EBBF6 /* GoogleService-Info.plist */; };
		3A39895F226FF2D7001EBBF6 /* SignUpViewController.swift in Sources */ = {isa = PBXBuildFile; fileRef = 3A39895E226FF2D7001EBBF6 /* SignUpViewController.swift */; };
		3A52A8472272A5DB00E769A7 /* OrgPickerViewController.swift in Sources */ = {isa = PBXBuildFile; fileRef = 3A52A8462272A5DB00E769A7 /* OrgPickerViewController.swift */; };
		3A61F4682282701200611E2C /* PostCell.swift in Sources */ = {isa = PBXBuildFile; fileRef = 3A61F4672282701200611E2C /* PostCell.swift */; };
		3A62544B22851452003D92E7 /* DataService.swift in Sources */ = {isa = PBXBuildFile; fileRef = 3A62544A22851452003D92E7 /* DataService.swift */; };
		3A78CB0F22768939009DF6DB /* userInfo.swift in Sources */ = {isa = PBXBuildFile; fileRef = 3A78CB0E22768939009DF6DB /* userInfo.swift */; };
		3A78CB112276A5C3009DF6DB /* InitialViewController.swift in Sources */ = {isa = PBXBuildFile; fileRef = 3A78CB102276A5C3009DF6DB /* InitialViewController.swift */; };
		3A78CB152276AB9D009DF6DB /* HomeScreenViewController.swift in Sources */ = {isa = PBXBuildFile; fileRef = 3A78CB142276AB9D009DF6DB /* HomeScreenViewController.swift */; };
		3A973178228CFA4C00A46FFE /* Organization.swift in Sources */ = {isa = PBXBuildFile; fileRef = 3A973177228CFA4C00A46FFE /* Organization.swift */; };
		3AC346E82281052F002B0173 /* PublicizeViewController.swift in Sources */ = {isa = PBXBuildFile; fileRef = 3AC346E72281052F002B0173 /* PublicizeViewController.swift */; };
		3AC346EC2281077F002B0173 /* Event.swift in Sources */ = {isa = PBXBuildFile; fileRef = 3AC346EB2281077F002B0173 /* Event.swift */; };
		6450B43B227BF51200A45C21 /* ProfileViewController.swift in Sources */ = {isa = PBXBuildFile; fileRef = 6450B43A227BF51200A45C21 /* ProfileViewController.swift */; };
		6450B43D227BF51E00A45C21 /* EventsViewController.swift in Sources */ = {isa = PBXBuildFile; fileRef = 6450B43C227BF51E00A45C21 /* EventsViewController.swift */; };
		6450B43F227BF54000A45C21 /* CreateEventViewController.swift in Sources */ = {isa = PBXBuildFile; fileRef = 6450B43E227BF54000A45C21 /* CreateEventViewController.swift */; };
		645A4ED92293835D0055B87B /* EventCell.swift in Sources */ = {isa = PBXBuildFile; fileRef = 645A4ED82293835D0055B87B /* EventCell.swift */; };
		B55AB57743488BC969C83BA5 /* Pods_greekConnectUITests.framework in Frameworks */ = {isa = PBXBuildFile; fileRef = 1BE72EF60FDACCCFFACD657A /* Pods_greekConnectUITests.framework */; };
		FA1ABB23E72FF371CFEC853A /* Pods_greekConnectTests.framework in Frameworks */ = {isa = PBXBuildFile; fileRef = 6157ED1438426C47C7CD02D4 /* Pods_greekConnectTests.framework */; };
/* End PBXBuildFile section */

/* Begin PBXContainerItemProxy section */
		3A398940226FE677001EBBF6 /* PBXContainerItemProxy */ = {
			isa = PBXContainerItemProxy;
			containerPortal = 3A398923226FE675001EBBF6 /* Project object */;
			proxyType = 1;
			remoteGlobalIDString = 3A39892A226FE675001EBBF6;
			remoteInfo = greekConnect;
		};
		3A39894B226FE677001EBBF6 /* PBXContainerItemProxy */ = {
			isa = PBXContainerItemProxy;
			containerPortal = 3A398923226FE675001EBBF6 /* Project object */;
			proxyType = 1;
			remoteGlobalIDString = 3A39892A226FE675001EBBF6;
			remoteInfo = greekConnect;
		};
/* End PBXContainerItemProxy section */

/* Begin PBXFileReference section */
		088E82ADF773F96C008DBDCF /* Pods-greekConnectUITests.release.xcconfig */ = {isa = PBXFileReference; includeInIndex = 1; lastKnownFileType = text.xcconfig; name = "Pods-greekConnectUITests.release.xcconfig"; path = "Target Support Files/Pods-greekConnectUITests/Pods-greekConnectUITests.release.xcconfig"; sourceTree = "<group>"; };
		1BE72EF60FDACCCFFACD657A /* Pods_greekConnectUITests.framework */ = {isa = PBXFileReference; explicitFileType = wrapper.framework; includeInIndex = 0; path = Pods_greekConnectUITests.framework; sourceTree = BUILT_PRODUCTS_DIR; };
		3A038D74228BA0A9001AE44F /* Main.storyboard */ = {isa = PBXFileReference; lastKnownFileType = file.storyboard; path = Main.storyboard; sourceTree = "<group>"; };
		3A038D76228BF810001AE44F /* User.swift */ = {isa = PBXFileReference; lastKnownFileType = sourcecode.swift; path = User.swift; sourceTree = "<group>"; };
		3A39892B226FE675001EBBF6 /* greekConnect.app */ = {isa = PBXFileReference; explicitFileType = wrapper.application; includeInIndex = 0; path = greekConnect.app; sourceTree = BUILT_PRODUCTS_DIR; };
		3A39892E226FE675001EBBF6 /* AppDelegate.swift */ = {isa = PBXFileReference; lastKnownFileType = sourcecode.swift; path = AppDelegate.swift; sourceTree = "<group>"; };
		3A398930226FE675001EBBF6 /* ViewController.swift */ = {isa = PBXFileReference; lastKnownFileType = sourcecode.swift; path = ViewController.swift; sourceTree = "<group>"; };
		3A398935226FE677001EBBF6 /* Assets.xcassets */ = {isa = PBXFileReference; lastKnownFileType = folder.assetcatalog; path = Assets.xcassets; sourceTree = "<group>"; };
		3A398938226FE677001EBBF6 /* Base */ = {isa = PBXFileReference; lastKnownFileType = file.storyboard; name = Base; path = Base.lproj/LaunchScreen.storyboard; sourceTree = "<group>"; };
		3A39893A226FE677001EBBF6 /* Info.plist */ = {isa = PBXFileReference; lastKnownFileType = text.plist.xml; path = Info.plist; sourceTree = "<group>"; };
		3A39893F226FE677001EBBF6 /* greekConnectTests.xctest */ = {isa = PBXFileReference; explicitFileType = wrapper.cfbundle; includeInIndex = 0; path = greekConnectTests.xctest; sourceTree = BUILT_PRODUCTS_DIR; };
		3A398943226FE677001EBBF6 /* greekConnectTests.swift */ = {isa = PBXFileReference; lastKnownFileType = sourcecode.swift; path = greekConnectTests.swift; sourceTree = "<group>"; };
		3A398945226FE677001EBBF6 /* Info.plist */ = {isa = PBXFileReference; lastKnownFileType = text.plist.xml; path = Info.plist; sourceTree = "<group>"; };
		3A39894A226FE677001EBBF6 /* greekConnectUITests.xctest */ = {isa = PBXFileReference; explicitFileType = wrapper.cfbundle; includeInIndex = 0; path = greekConnectUITests.xctest; sourceTree = BUILT_PRODUCTS_DIR; };
		3A39894E226FE677001EBBF6 /* greekConnectUITests.swift */ = {isa = PBXFileReference; lastKnownFileType = sourcecode.swift; path = greekConnectUITests.swift; sourceTree = "<group>"; };
		3A398950226FE677001EBBF6 /* Info.plist */ = {isa = PBXFileReference; lastKnownFileType = text.plist.xml; path = Info.plist; sourceTree = "<group>"; };
		3A39895C226FE840001EBBF6 /* GoogleService-Info.plist */ = {isa = PBXFileReference; fileEncoding = 4; lastKnownFileType = text.plist.xml; path = "GoogleService-Info.plist"; sourceTree = "<group>"; };
		3A39895E226FF2D7001EBBF6 /* SignUpViewController.swift */ = {isa = PBXFileReference; lastKnownFileType = sourcecode.swift; path = SignUpViewController.swift; sourceTree = "<group>"; };
		3A52A8462272A5DB00E769A7 /* OrgPickerViewController.swift */ = {isa = PBXFileReference; lastKnownFileType = sourcecode.swift; path = OrgPickerViewController.swift; sourceTree = "<group>"; };
		3A61F4672282701200611E2C /* PostCell.swift */ = {isa = PBXFileReference; lastKnownFileType = sourcecode.swift; path = PostCell.swift; sourceTree = "<group>"; };
		3A62544A22851452003D92E7 /* DataService.swift */ = {isa = PBXFileReference; lastKnownFileType = sourcecode.swift; path = DataService.swift; sourceTree = "<group>"; };
		3A78CB0E22768939009DF6DB /* userInfo.swift */ = {isa = PBXFileReference; lastKnownFileType = sourcecode.swift; path = userInfo.swift; sourceTree = "<group>"; };
		3A78CB102276A5C3009DF6DB /* InitialViewController.swift */ = {isa = PBXFileReference; lastKnownFileType = sourcecode.swift; path = InitialViewController.swift; sourceTree = "<group>"; };
		3A78CB142276AB9D009DF6DB /* HomeScreenViewController.swift */ = {isa = PBXFileReference; lastKnownFileType = sourcecode.swift; path = HomeScreenViewController.swift; sourceTree = "<group>"; };
		3A973177228CFA4C00A46FFE /* Organization.swift */ = {isa = PBXFileReference; lastKnownFileType = sourcecode.swift; path = Organization.swift; sourceTree = "<group>"; };
		3AC346E72281052F002B0173 /* PublicizeViewController.swift */ = {isa = PBXFileReference; lastKnownFileType = sourcecode.swift; path = PublicizeViewController.swift; sourceTree = "<group>"; };
		3AC346EB2281077F002B0173 /* Event.swift */ = {isa = PBXFileReference; lastKnownFileType = sourcecode.swift; path = Event.swift; sourceTree = "<group>"; };
		45E3899B1841AE6CED5E2718 /* Pods-greekConnect.debug.xcconfig */ = {isa = PBXFileReference; includeInIndex = 1; lastKnownFileType = text.xcconfig; name = "Pods-greekConnect.debug.xcconfig"; path = "Target Support Files/Pods-greekConnect/Pods-greekConnect.debug.xcconfig"; sourceTree = "<group>"; };
		5A6C702EB17EB7A298C6F6E5 /* Pods-greekConnect.release.xcconfig */ = {isa = PBXFileReference; includeInIndex = 1; lastKnownFileType = text.xcconfig; name = "Pods-greekConnect.release.xcconfig"; path = "Target Support Files/Pods-greekConnect/Pods-greekConnect.release.xcconfig"; sourceTree = "<group>"; };
		5FC56BBA2D6DBF5E481EB0B2 /* Pods-greekConnectUITests.debug.xcconfig */ = {isa = PBXFileReference; includeInIndex = 1; lastKnownFileType = text.xcconfig; name = "Pods-greekConnectUITests.debug.xcconfig"; path = "Target Support Files/Pods-greekConnectUITests/Pods-greekConnectUITests.debug.xcconfig"; sourceTree = "<group>"; };
		6157ED1438426C47C7CD02D4 /* Pods_greekConnectTests.framework */ = {isa = PBXFileReference; explicitFileType = wrapper.framework; includeInIndex = 0; path = Pods_greekConnectTests.framework; sourceTree = BUILT_PRODUCTS_DIR; };
		6450B43A227BF51200A45C21 /* ProfileViewController.swift */ = {isa = PBXFileReference; lastKnownFileType = sourcecode.swift; path = ProfileViewController.swift; sourceTree = "<group>"; };
		6450B43C227BF51E00A45C21 /* EventsViewController.swift */ = {isa = PBXFileReference; lastKnownFileType = sourcecode.swift; path = EventsViewController.swift; sourceTree = "<group>"; };
		6450B43E227BF54000A45C21 /* CreateEventViewController.swift */ = {isa = PBXFileReference; lastKnownFileType = sourcecode.swift; path = CreateEventViewController.swift; sourceTree = "<group>"; };
		645A4ED82293835D0055B87B /* EventCell.swift */ = {isa = PBXFileReference; lastKnownFileType = sourcecode.swift; path = EventCell.swift; sourceTree = "<group>"; };
		6F022AFEB5130D38619C707B /* Pods-greekConnectTests.release.xcconfig */ = {isa = PBXFileReference; includeInIndex = 1; lastKnownFileType = text.xcconfig; name = "Pods-greekConnectTests.release.xcconfig"; path = "Target Support Files/Pods-greekConnectTests/Pods-greekConnectTests.release.xcconfig"; sourceTree = "<group>"; };
		ABCD171A2B9B2C3FC53CAA86 /* Pods_greekConnect.framework */ = {isa = PBXFileReference; explicitFileType = wrapper.framework; includeInIndex = 0; path = Pods_greekConnect.framework; sourceTree = BUILT_PRODUCTS_DIR; };
		B3729B81B55DF0677B82E203 /* Pods-greekConnectTests.debug.xcconfig */ = {isa = PBXFileReference; includeInIndex = 1; lastKnownFileType = text.xcconfig; name = "Pods-greekConnectTests.debug.xcconfig"; path = "Target Support Files/Pods-greekConnectTests/Pods-greekConnectTests.debug.xcconfig"; sourceTree = "<group>"; };
/* End PBXFileReference section */

/* Begin PBXFrameworksBuildPhase section */
		3A398928226FE675001EBBF6 /* Frameworks */ = {
			isa = PBXFrameworksBuildPhase;
			buildActionMask = 2147483647;
			files = (
				1E1B480AB24A43DF9ECDE94C /* Pods_greekConnect.framework in Frameworks */,
			);
			runOnlyForDeploymentPostprocessing = 0;
		};
		3A39893C226FE677001EBBF6 /* Frameworks */ = {
			isa = PBXFrameworksBuildPhase;
			buildActionMask = 2147483647;
			files = (
				FA1ABB23E72FF371CFEC853A /* Pods_greekConnectTests.framework in Frameworks */,
			);
			runOnlyForDeploymentPostprocessing = 0;
		};
		3A398947226FE677001EBBF6 /* Frameworks */ = {
			isa = PBXFrameworksBuildPhase;
			buildActionMask = 2147483647;
			files = (
				B55AB57743488BC969C83BA5 /* Pods_greekConnectUITests.framework in Frameworks */,
			);
			runOnlyForDeploymentPostprocessing = 0;
		};
/* End PBXFrameworksBuildPhase section */

/* Begin PBXGroup section */
		3A398922226FE675001EBBF6 = {
			isa = PBXGroup;
			children = (
				3A39892D226FE675001EBBF6 /* greekConnect */,
				3A398942226FE677001EBBF6 /* greekConnectTests */,
				3A39894D226FE677001EBBF6 /* greekConnectUITests */,
				3A39892C226FE675001EBBF6 /* Products */,
				C6BEEFD0452694B54DC9AF76 /* Pods */,
				E0A97DEAFDB81C66A808A78D /* Frameworks */,
			);
			sourceTree = "<group>";
		};
		3A39892C226FE675001EBBF6 /* Products */ = {
			isa = PBXGroup;
			children = (
				3A39892B226FE675001EBBF6 /* greekConnect.app */,
				3A39893F226FE677001EBBF6 /* greekConnectTests.xctest */,
				3A39894A226FE677001EBBF6 /* greekConnectUITests.xctest */,
			);
			name = Products;
			sourceTree = "<group>";
		};
		3A39892D226FE675001EBBF6 /* greekConnect */ = {
			isa = PBXGroup;
			children = (
				3A39892E226FE675001EBBF6 /* AppDelegate.swift */,
				3A398930226FE675001EBBF6 /* ViewController.swift */,
				3A78CB0E22768939009DF6DB /* userInfo.swift */,
				3A52A8462272A5DB00E769A7 /* OrgPickerViewController.swift */,
				3A61F4672282701200611E2C /* PostCell.swift */,
				3AC346E72281052F002B0173 /* PublicizeViewController.swift */,
				3A78CB102276A5C3009DF6DB /* InitialViewController.swift */,
				3A398935226FE677001EBBF6 /* Assets.xcassets */,
				3A398937226FE677001EBBF6 /* LaunchScreen.storyboard */,
				3A39893A226FE677001EBBF6 /* Info.plist */,
				3A39895C226FE840001EBBF6 /* GoogleService-Info.plist */,
				3A39895E226FF2D7001EBBF6 /* SignUpViewController.swift */,
				3A78CB142276AB9D009DF6DB /* HomeScreenViewController.swift */,
				6450B43A227BF51200A45C21 /* ProfileViewController.swift */,
				6450B43C227BF51E00A45C21 /* EventsViewController.swift */,
				6450B43E227BF54000A45C21 /* CreateEventViewController.swift */,
				3AC346EB2281077F002B0173 /* Event.swift */,
				3A62544A22851452003D92E7 /* DataService.swift */,
				3A038D74228BA0A9001AE44F /* Main.storyboard */,
				3A038D76228BF810001AE44F /* User.swift */,
				3A973177228CFA4C00A46FFE /* Organization.swift */,
				645A4ED82293835D0055B87B /* EventCell.swift */,
			);
			path = greekConnect;
			sourceTree = "<group>";
		};
		3A398942226FE677001EBBF6 /* greekConnectTests */ = {
			isa = PBXGroup;
			children = (
				3A398943226FE677001EBBF6 /* greekConnectTests.swift */,
				3A398945226FE677001EBBF6 /* Info.plist */,
			);
			path = greekConnectTests;
			sourceTree = "<group>";
		};
		3A39894D226FE677001EBBF6 /* greekConnectUITests */ = {
			isa = PBXGroup;
			children = (
				3A39894E226FE677001EBBF6 /* greekConnectUITests.swift */,
				3A398950226FE677001EBBF6 /* Info.plist */,
			);
			path = greekConnectUITests;
			sourceTree = "<group>";
		};
		C6BEEFD0452694B54DC9AF76 /* Pods */ = {
			isa = PBXGroup;
			children = (
				45E3899B1841AE6CED5E2718 /* Pods-greekConnect.debug.xcconfig */,
				5A6C702EB17EB7A298C6F6E5 /* Pods-greekConnect.release.xcconfig */,
				B3729B81B55DF0677B82E203 /* Pods-greekConnectTests.debug.xcconfig */,
				6F022AFEB5130D38619C707B /* Pods-greekConnectTests.release.xcconfig */,
				5FC56BBA2D6DBF5E481EB0B2 /* Pods-greekConnectUITests.debug.xcconfig */,
				088E82ADF773F96C008DBDCF /* Pods-greekConnectUITests.release.xcconfig */,
			);
			path = Pods;
			sourceTree = "<group>";
		};
		E0A97DEAFDB81C66A808A78D /* Frameworks */ = {
			isa = PBXGroup;
			children = (
				ABCD171A2B9B2C3FC53CAA86 /* Pods_greekConnect.framework */,
				6157ED1438426C47C7CD02D4 /* Pods_greekConnectTests.framework */,
				1BE72EF60FDACCCFFACD657A /* Pods_greekConnectUITests.framework */,
			);
			name = Frameworks;
			sourceTree = "<group>";
		};
/* End PBXGroup section */

/* Begin PBXNativeTarget section */
		3A39892A226FE675001EBBF6 /* greekConnect */ = {
			isa = PBXNativeTarget;
			buildConfigurationList = 3A398953226FE677001EBBF6 /* Build configuration list for PBXNativeTarget "greekConnect" */;
			buildPhases = (
				7B1D202D59CA3886870DE792 /* [CP] Check Pods Manifest.lock */,
				3A398927226FE675001EBBF6 /* Sources */,
				3A398928226FE675001EBBF6 /* Frameworks */,
				3A398929226FE675001EBBF6 /* Resources */,
				906F4E6245903AD8CF1EA589 /* [CP] Embed Pods Frameworks */,
				9906DBA07E3C9EF232E38997 /* [CP] Copy Pods Resources */,
			);
			buildRules = (
			);
			dependencies = (
			);
			name = greekConnect;
			productName = greekConnect;
			productReference = 3A39892B226FE675001EBBF6 /* greekConnect.app */;
			productType = "com.apple.product-type.application";
		};
		3A39893E226FE677001EBBF6 /* greekConnectTests */ = {
			isa = PBXNativeTarget;
			buildConfigurationList = 3A398956226FE677001EBBF6 /* Build configuration list for PBXNativeTarget "greekConnectTests" */;
			buildPhases = (
				116826472153495EEB6EF6FB /* [CP] Check Pods Manifest.lock */,
				3A39893B226FE677001EBBF6 /* Sources */,
				3A39893C226FE677001EBBF6 /* Frameworks */,
				3A39893D226FE677001EBBF6 /* Resources */,
			);
			buildRules = (
			);
			dependencies = (
				3A398941226FE677001EBBF6 /* PBXTargetDependency */,
			);
			name = greekConnectTests;
			productName = greekConnectTests;
			productReference = 3A39893F226FE677001EBBF6 /* greekConnectTests.xctest */;
			productType = "com.apple.product-type.bundle.unit-test";
		};
		3A398949226FE677001EBBF6 /* greekConnectUITests */ = {
			isa = PBXNativeTarget;
			buildConfigurationList = 3A398959226FE677001EBBF6 /* Build configuration list for PBXNativeTarget "greekConnectUITests" */;
			buildPhases = (
				A791D87B2E40CA25273DC8BE /* [CP] Check Pods Manifest.lock */,
				3A398946226FE677001EBBF6 /* Sources */,
				3A398947226FE677001EBBF6 /* Frameworks */,
				3A398948226FE677001EBBF6 /* Resources */,
			);
			buildRules = (
			);
			dependencies = (
				3A39894C226FE677001EBBF6 /* PBXTargetDependency */,
			);
			name = greekConnectUITests;
			productName = greekConnectUITests;
			productReference = 3A39894A226FE677001EBBF6 /* greekConnectUITests.xctest */;
			productType = "com.apple.product-type.bundle.ui-testing";
		};
/* End PBXNativeTarget section */

/* Begin PBXProject section */
		3A398923226FE675001EBBF6 /* Project object */ = {
			isa = PBXProject;
			attributes = {
				LastSwiftUpdateCheck = 1010;
				LastUpgradeCheck = 1010;
				ORGANIZATIONNAME = rohith.kasar;
				TargetAttributes = {
					3A39892A226FE675001EBBF6 = {
						CreatedOnToolsVersion = 10.1;
					};
					3A39893E226FE677001EBBF6 = {
						CreatedOnToolsVersion = 10.1;
						TestTargetID = 3A39892A226FE675001EBBF6;
					};
					3A398949226FE677001EBBF6 = {
						CreatedOnToolsVersion = 10.1;
						TestTargetID = 3A39892A226FE675001EBBF6;
					};
				};
			};
			buildConfigurationList = 3A398926226FE675001EBBF6 /* Build configuration list for PBXProject "greekConnect" */;
			compatibilityVersion = "Xcode 9.3";
			developmentRegion = en;
			hasScannedForEncodings = 0;
			knownRegions = (
				en,
				Base,
			);
			mainGroup = 3A398922226FE675001EBBF6;
			productRefGroup = 3A39892C226FE675001EBBF6 /* Products */;
			projectDirPath = "";
			projectRoot = "";
			targets = (
				3A39892A226FE675001EBBF6 /* greekConnect */,
				3A39893E226FE677001EBBF6 /* greekConnectTests */,
				3A398949226FE677001EBBF6 /* greekConnectUITests */,
			);
		};
/* End PBXProject section */

/* Begin PBXResourcesBuildPhase section */
		3A398929226FE675001EBBF6 /* Resources */ = {
			isa = PBXResourcesBuildPhase;
			buildActionMask = 2147483647;
			files = (
				3A398939226FE677001EBBF6 /* LaunchScreen.storyboard in Resources */,
				3A39895D226FE840001EBBF6 /* GoogleService-Info.plist in Resources */,
				3A398936226FE677001EBBF6 /* Assets.xcassets in Resources */,
				3A038D75228BA0A9001AE44F /* Main.storyboard in Resources */,
			);
			runOnlyForDeploymentPostprocessing = 0;
		};
		3A39893D226FE677001EBBF6 /* Resources */ = {
			isa = PBXResourcesBuildPhase;
			buildActionMask = 2147483647;
			files = (
			);
			runOnlyForDeploymentPostprocessing = 0;
		};
		3A398948226FE677001EBBF6 /* Resources */ = {
			isa = PBXResourcesBuildPhase;
			buildActionMask = 2147483647;
			files = (
			);
			runOnlyForDeploymentPostprocessing = 0;
		};
/* End PBXResourcesBuildPhase section */

/* Begin PBXShellScriptBuildPhase section */
		116826472153495EEB6EF6FB /* [CP] Check Pods Manifest.lock */ = {
			isa = PBXShellScriptBuildPhase;
			buildActionMask = 2147483647;
			files = (
			);
			inputFileListPaths = (
			);
			inputPaths = (
				"${PODS_PODFILE_DIR_PATH}/Podfile.lock",
				"${PODS_ROOT}/Manifest.lock",
			);
			name = "[CP] Check Pods Manifest.lock";
			outputFileListPaths = (
			);
			outputPaths = (
				"$(DERIVED_FILE_DIR)/Pods-greekConnectTests-checkManifestLockResult.txt",
			);
			runOnlyForDeploymentPostprocessing = 0;
			shellPath = /bin/sh;
			shellScript = "diff \"${PODS_PODFILE_DIR_PATH}/Podfile.lock\" \"${PODS_ROOT}/Manifest.lock\" > /dev/null\nif [ $? != 0 ] ; then\n    # print error to STDERR\n    echo \"error: The sandbox is not in sync with the Podfile.lock. Run 'pod install' or update your CocoaPods installation.\" >&2\n    exit 1\nfi\n# This output is used by Xcode 'outputs' to avoid re-running this script phase.\necho \"SUCCESS\" > \"${SCRIPT_OUTPUT_FILE_0}\"\n";
			showEnvVarsInLog = 0;
		};
		7B1D202D59CA3886870DE792 /* [CP] Check Pods Manifest.lock */ = {
			isa = PBXShellScriptBuildPhase;
			buildActionMask = 2147483647;
			files = (
			);
			inputFileListPaths = (
			);
			inputPaths = (
				"${PODS_PODFILE_DIR_PATH}/Podfile.lock",
				"${PODS_ROOT}/Manifest.lock",
			);
			name = "[CP] Check Pods Manifest.lock";
			outputFileListPaths = (
			);
			outputPaths = (
				"$(DERIVED_FILE_DIR)/Pods-greekConnect-checkManifestLockResult.txt",
			);
			runOnlyForDeploymentPostprocessing = 0;
			shellPath = /bin/sh;
			shellScript = "diff \"${PODS_PODFILE_DIR_PATH}/Podfile.lock\" \"${PODS_ROOT}/Manifest.lock\" > /dev/null\nif [ $? != 0 ] ; then\n    # print error to STDERR\n    echo \"error: The sandbox is not in sync with the Podfile.lock. Run 'pod install' or update your CocoaPods installation.\" >&2\n    exit 1\nfi\n# This output is used by Xcode 'outputs' to avoid re-running this script phase.\necho \"SUCCESS\" > \"${SCRIPT_OUTPUT_FILE_0}\"\n";
			showEnvVarsInLog = 0;
		};
		906F4E6245903AD8CF1EA589 /* [CP] Embed Pods Frameworks */ = {
			isa = PBXShellScriptBuildPhase;
			buildActionMask = 2147483647;
			files = (
			);
			inputFileListPaths = (
			);
			inputPaths = (
				"${PODS_ROOT}/Target Support Files/Pods-greekConnect/Pods-greekConnect-frameworks.sh",
				"${BUILT_PRODUCTS_DIR}/Alamofire/Alamofire.framework",
				"${BUILT_PRODUCTS_DIR}/AlamofireImage/AlamofireImage.framework",
				"${BUILT_PRODUCTS_DIR}/GTMSessionFetcher/GTMSessionFetcher.framework",
				"${BUILT_PRODUCTS_DIR}/GoogleUtilities/GoogleUtilities.framework",
				"${BUILT_PRODUCTS_DIR}/MessageInputBar/MessageInputBar.framework",
				"${BUILT_PRODUCTS_DIR}/leveldb-library/leveldb.framework",
				"${BUILT_PRODUCTS_DIR}/nanopb/nanopb.framework",
			);
			name = "[CP] Embed Pods Frameworks";
			outputFileListPaths = (
			);
			outputPaths = (
				"${TARGET_BUILD_DIR}/${FRAMEWORKS_FOLDER_PATH}/Alamofire.framework",
				"${TARGET_BUILD_DIR}/${FRAMEWORKS_FOLDER_PATH}/AlamofireImage.framework",
				"${TARGET_BUILD_DIR}/${FRAMEWORKS_FOLDER_PATH}/GTMSessionFetcher.framework",
				"${TARGET_BUILD_DIR}/${FRAMEWORKS_FOLDER_PATH}/GoogleUtilities.framework",
				"${TARGET_BUILD_DIR}/${FRAMEWORKS_FOLDER_PATH}/MessageInputBar.framework",
				"${TARGET_BUILD_DIR}/${FRAMEWORKS_FOLDER_PATH}/leveldb.framework",
				"${TARGET_BUILD_DIR}/${FRAMEWORKS_FOLDER_PATH}/nanopb.framework",
			);
			runOnlyForDeploymentPostprocessing = 0;
			shellPath = /bin/sh;
			shellScript = "\"${PODS_ROOT}/Target Support Files/Pods-greekConnect/Pods-greekConnect-frameworks.sh\"\n";
			showEnvVarsInLog = 0;
		};
		9906DBA07E3C9EF232E38997 /* [CP] Copy Pods Resources */ = {
			isa = PBXShellScriptBuildPhase;
			buildActionMask = 2147483647;
			files = (
			);
			inputFileListPaths = (
			);
			inputPaths = (
				"${PODS_ROOT}/Target Support Files/Pods-greekConnect/Pods-greekConnect-resources.sh",
				"${PODS_CONFIGURATION_BUILD_DIR}/FirebaseUI/FirebaseAuthUI.bundle",
				"${PODS_CONFIGURATION_BUILD_DIR}/FirebaseUI/FirebaseEmailAuthUI.bundle",
			);
			name = "[CP] Copy Pods Resources";
			outputFileListPaths = (
			);
			outputPaths = (
				"${TARGET_BUILD_DIR}/${UNLOCALIZED_RESOURCES_FOLDER_PATH}/FirebaseAuthUI.bundle",
				"${TARGET_BUILD_DIR}/${UNLOCALIZED_RESOURCES_FOLDER_PATH}/FirebaseEmailAuthUI.bundle",
			);
			runOnlyForDeploymentPostprocessing = 0;
			shellPath = /bin/sh;
			shellScript = "\"${PODS_ROOT}/Target Support Files/Pods-greekConnect/Pods-greekConnect-resources.sh\"\n";
			showEnvVarsInLog = 0;
		};
		A791D87B2E40CA25273DC8BE /* [CP] Check Pods Manifest.lock */ = {
			isa = PBXShellScriptBuildPhase;
			buildActionMask = 2147483647;
			files = (
			);
			inputFileListPaths = (
			);
			inputPaths = (
				"${PODS_PODFILE_DIR_PATH}/Podfile.lock",
				"${PODS_ROOT}/Manifest.lock",
			);
			name = "[CP] Check Pods Manifest.lock";
			outputFileListPaths = (
			);
			outputPaths = (
				"$(DERIVED_FILE_DIR)/Pods-greekConnectUITests-checkManifestLockResult.txt",
			);
			runOnlyForDeploymentPostprocessing = 0;
			shellPath = /bin/sh;
			shellScript = "diff \"${PODS_PODFILE_DIR_PATH}/Podfile.lock\" \"${PODS_ROOT}/Manifest.lock\" > /dev/null\nif [ $? != 0 ] ; then\n    # print error to STDERR\n    echo \"error: The sandbox is not in sync with the Podfile.lock. Run 'pod install' or update your CocoaPods installation.\" >&2\n    exit 1\nfi\n# This output is used by Xcode 'outputs' to avoid re-running this script phase.\necho \"SUCCESS\" > \"${SCRIPT_OUTPUT_FILE_0}\"\n";
			showEnvVarsInLog = 0;
		};
/* End PBXShellScriptBuildPhase section */

/* Begin PBXSourcesBuildPhase section */
		3A398927226FE675001EBBF6 /* Sources */ = {
			isa = PBXSourcesBuildPhase;
			buildActionMask = 2147483647;
			files = (
				3A39895F226FF2D7001EBBF6 /* SignUpViewController.swift in Sources */,
				3A62544B22851452003D92E7 /* DataService.swift in Sources */,
				3A973178228CFA4C00A46FFE /* Organization.swift in Sources */,
				3A52A8472272A5DB00E769A7 /* OrgPickerViewController.swift in Sources */,
				3A61F4682282701200611E2C /* PostCell.swift in Sources */,
				645A4ED92293835D0055B87B /* EventCell.swift in Sources */,
				3A398931226FE675001EBBF6 /* ViewController.swift in Sources */,
				3A78CB112276A5C3009DF6DB /* InitialViewController.swift in Sources */,
				3AC346EC2281077F002B0173 /* Event.swift in Sources */,
				3A78CB0F22768939009DF6DB /* userInfo.swift in Sources */,
				3A038D77228BF810001AE44F /* User.swift in Sources */,
				3A39892F226FE675001EBBF6 /* AppDelegate.swift in Sources */,
				6450B43B227BF51200A45C21 /* ProfileViewController.swift in Sources */,
				6450B43F227BF54000A45C21 /* CreateEventViewController.swift in Sources */,
				3A78CB152276AB9D009DF6DB /* HomeScreenViewController.swift in Sources */,
				3AC346E82281052F002B0173 /* PublicizeViewController.swift in Sources */,
				6450B43D227BF51E00A45C21 /* EventsViewController.swift in Sources */,
			);
			runOnlyForDeploymentPostprocessing = 0;
		};
		3A39893B226FE677001EBBF6 /* Sources */ = {
			isa = PBXSourcesBuildPhase;
			buildActionMask = 2147483647;
			files = (
				3A398944226FE677001EBBF6 /* greekConnectTests.swift in Sources */,
			);
			runOnlyForDeploymentPostprocessing = 0;
		};
		3A398946226FE677001EBBF6 /* Sources */ = {
			isa = PBXSourcesBuildPhase;
			buildActionMask = 2147483647;
			files = (
				3A39894F226FE677001EBBF6 /* greekConnectUITests.swift in Sources */,
			);
			runOnlyForDeploymentPostprocessing = 0;
		};
/* End PBXSourcesBuildPhase section */

/* Begin PBXTargetDependency section */
		3A398941226FE677001EBBF6 /* PBXTargetDependency */ = {
			isa = PBXTargetDependency;
			target = 3A39892A226FE675001EBBF6 /* greekConnect */;
			targetProxy = 3A398940226FE677001EBBF6 /* PBXContainerItemProxy */;
		};
		3A39894C226FE677001EBBF6 /* PBXTargetDependency */ = {
			isa = PBXTargetDependency;
			target = 3A39892A226FE675001EBBF6 /* greekConnect */;
			targetProxy = 3A39894B226FE677001EBBF6 /* PBXContainerItemProxy */;
		};
/* End PBXTargetDependency section */

/* Begin PBXVariantGroup section */
		3A398937226FE677001EBBF6 /* LaunchScreen.storyboard */ = {
			isa = PBXVariantGroup;
			children = (
				3A398938226FE677001EBBF6 /* Base */,
			);
			name = LaunchScreen.storyboard;
			sourceTree = "<group>";
		};
/* End PBXVariantGroup section */

/* Begin XCBuildConfiguration section */
		3A398951226FE677001EBBF6 /* Debug */ = {
			isa = XCBuildConfiguration;
			buildSettings = {
				ALWAYS_SEARCH_USER_PATHS = NO;
				CLANG_ANALYZER_NONNULL = YES;
				CLANG_ANALYZER_NUMBER_OBJECT_CONVERSION = YES_AGGRESSIVE;
				CLANG_CXX_LANGUAGE_STANDARD = "gnu++14";
				CLANG_CXX_LIBRARY = "libc++";
				CLANG_ENABLE_MODULES = YES;
				CLANG_ENABLE_OBJC_ARC = YES;
				CLANG_ENABLE_OBJC_WEAK = YES;
				CLANG_WARN_BLOCK_CAPTURE_AUTORELEASING = YES;
				CLANG_WARN_BOOL_CONVERSION = YES;
				CLANG_WARN_COMMA = YES;
				CLANG_WARN_CONSTANT_CONVERSION = YES;
				CLANG_WARN_DEPRECATED_OBJC_IMPLEMENTATIONS = YES;
				CLANG_WARN_DIRECT_OBJC_ISA_USAGE = YES_ERROR;
				CLANG_WARN_DOCUMENTATION_COMMENTS = YES;
				CLANG_WARN_EMPTY_BODY = YES;
				CLANG_WARN_ENUM_CONVERSION = YES;
				CLANG_WARN_INFINITE_RECURSION = YES;
				CLANG_WARN_INT_CONVERSION = YES;
				CLANG_WARN_NON_LITERAL_NULL_CONVERSION = YES;
				CLANG_WARN_OBJC_IMPLICIT_RETAIN_SELF = YES;
				CLANG_WARN_OBJC_LITERAL_CONVERSION = YES;
				CLANG_WARN_OBJC_ROOT_CLASS = YES_ERROR;
				CLANG_WARN_RANGE_LOOP_ANALYSIS = YES;
				CLANG_WARN_STRICT_PROTOTYPES = YES;
				CLANG_WARN_SUSPICIOUS_MOVE = YES;
				CLANG_WARN_UNGUARDED_AVAILABILITY = YES_AGGRESSIVE;
				CLANG_WARN_UNREACHABLE_CODE = YES;
				CLANG_WARN__DUPLICATE_METHOD_MATCH = YES;
				CODE_SIGN_IDENTITY = "iPhone Developer";
				COPY_PHASE_STRIP = NO;
				DEBUG_INFORMATION_FORMAT = dwarf;
				ENABLE_STRICT_OBJC_MSGSEND = YES;
				ENABLE_TESTABILITY = YES;
				GCC_C_LANGUAGE_STANDARD = gnu11;
				GCC_DYNAMIC_NO_PIC = NO;
				GCC_NO_COMMON_BLOCKS = YES;
				GCC_OPTIMIZATION_LEVEL = 0;
				GCC_PREPROCESSOR_DEFINITIONS = (
					"DEBUG=1",
					"$(inherited)",
				);
				GCC_WARN_64_TO_32_BIT_CONVERSION = YES;
				GCC_WARN_ABOUT_RETURN_TYPE = YES_ERROR;
				GCC_WARN_UNDECLARED_SELECTOR = YES;
				GCC_WARN_UNINITIALIZED_AUTOS = YES_AGGRESSIVE;
				GCC_WARN_UNUSED_FUNCTION = YES;
				GCC_WARN_UNUSED_VARIABLE = YES;
				IPHONEOS_DEPLOYMENT_TARGET = 12.1;
				MTL_ENABLE_DEBUG_INFO = INCLUDE_SOURCE;
				MTL_FAST_MATH = YES;
				ONLY_ACTIVE_ARCH = YES;
				SDKROOT = iphoneos;
				SWIFT_ACTIVE_COMPILATION_CONDITIONS = DEBUG;
				SWIFT_OPTIMIZATION_LEVEL = "-Onone";
			};
			name = Debug;
		};
		3A398952226FE677001EBBF6 /* Release */ = {
			isa = XCBuildConfiguration;
			buildSettings = {
				ALWAYS_SEARCH_USER_PATHS = NO;
				CLANG_ANALYZER_NONNULL = YES;
				CLANG_ANALYZER_NUMBER_OBJECT_CONVERSION = YES_AGGRESSIVE;
				CLANG_CXX_LANGUAGE_STANDARD = "gnu++14";
				CLANG_CXX_LIBRARY = "libc++";
				CLANG_ENABLE_MODULES = YES;
				CLANG_ENABLE_OBJC_ARC = YES;
				CLANG_ENABLE_OBJC_WEAK = YES;
				CLANG_WARN_BLOCK_CAPTURE_AUTORELEASING = YES;
				CLANG_WARN_BOOL_CONVERSION = YES;
				CLANG_WARN_COMMA = YES;
				CLANG_WARN_CONSTANT_CONVERSION = YES;
				CLANG_WARN_DEPRECATED_OBJC_IMPLEMENTATIONS = YES;
				CLANG_WARN_DIRECT_OBJC_ISA_USAGE = YES_ERROR;
				CLANG_WARN_DOCUMENTATION_COMMENTS = YES;
				CLANG_WARN_EMPTY_BODY = YES;
				CLANG_WARN_ENUM_CONVERSION = YES;
				CLANG_WARN_INFINITE_RECURSION = YES;
				CLANG_WARN_INT_CONVERSION = YES;
				CLANG_WARN_NON_LITERAL_NULL_CONVERSION = YES;
				CLANG_WARN_OBJC_IMPLICIT_RETAIN_SELF = YES;
				CLANG_WARN_OBJC_LITERAL_CONVERSION = YES;
				CLANG_WARN_OBJC_ROOT_CLASS = YES_ERROR;
				CLANG_WARN_RANGE_LOOP_ANALYSIS = YES;
				CLANG_WARN_STRICT_PROTOTYPES = YES;
				CLANG_WARN_SUSPICIOUS_MOVE = YES;
				CLANG_WARN_UNGUARDED_AVAILABILITY = YES_AGGRESSIVE;
				CLANG_WARN_UNREACHABLE_CODE = YES;
				CLANG_WARN__DUPLICATE_METHOD_MATCH = YES;
				CODE_SIGN_IDENTITY = "iPhone Developer";
				COPY_PHASE_STRIP = NO;
				DEBUG_INFORMATION_FORMAT = "dwarf-with-dsym";
				ENABLE_NS_ASSERTIONS = NO;
				ENABLE_STRICT_OBJC_MSGSEND = YES;
				GCC_C_LANGUAGE_STANDARD = gnu11;
				GCC_NO_COMMON_BLOCKS = YES;
				GCC_WARN_64_TO_32_BIT_CONVERSION = YES;
				GCC_WARN_ABOUT_RETURN_TYPE = YES_ERROR;
				GCC_WARN_UNDECLARED_SELECTOR = YES;
				GCC_WARN_UNINITIALIZED_AUTOS = YES_AGGRESSIVE;
				GCC_WARN_UNUSED_FUNCTION = YES;
				GCC_WARN_UNUSED_VARIABLE = YES;
				IPHONEOS_DEPLOYMENT_TARGET = 12.1;
				MTL_ENABLE_DEBUG_INFO = NO;
				MTL_FAST_MATH = YES;
				SDKROOT = iphoneos;
				SWIFT_COMPILATION_MODE = wholemodule;
				SWIFT_OPTIMIZATION_LEVEL = "-O";
				VALIDATE_PRODUCT = YES;
			};
			name = Release;
		};
		3A398954226FE677001EBBF6 /* Debug */ = {
			isa = XCBuildConfiguration;
			baseConfigurationReference = 45E3899B1841AE6CED5E2718 /* Pods-greekConnect.debug.xcconfig */;
			buildSettings = {
				ASSETCATALOG_COMPILER_APPICON_NAME = AppIcon;
				CODE_SIGN_STYLE = Automatic;
				DEVELOPMENT_TEAM = 8W23B549HK;
				INFOPLIST_FILE = greekConnect/Info.plist;
				LD_RUNPATH_SEARCH_PATHS = (
					"$(inherited)",
					"@executable_path/Frameworks",
				);
				PRODUCT_BUNDLE_IDENTIFIER = com.blueface.greekConnect;
				PRODUCT_NAME = "$(TARGET_NAME)";
				SWIFT_VERSION = 4.2;
				TARGETED_DEVICE_FAMILY = "1,2";
			};
			name = Debug;
		};
		3A398955226FE677001EBBF6 /* Release */ = {
			isa = XCBuildConfiguration;
			baseConfigurationReference = 5A6C702EB17EB7A298C6F6E5 /* Pods-greekConnect.release.xcconfig */;
			buildSettings = {
				ASSETCATALOG_COMPILER_APPICON_NAME = AppIcon;
				CODE_SIGN_STYLE = Automatic;
				DEVELOPMENT_TEAM = 8W23B549HK;
				INFOPLIST_FILE = greekConnect/Info.plist;
				LD_RUNPATH_SEARCH_PATHS = (
					"$(inherited)",
					"@executable_path/Frameworks",
				);
				PRODUCT_BUNDLE_IDENTIFIER = com.blueface.greekConnect;
				PRODUCT_NAME = "$(TARGET_NAME)";
				SWIFT_VERSION = 4.2;
				TARGETED_DEVICE_FAMILY = "1,2";
			};
			name = Release;
		};
		3A398957226FE677001EBBF6 /* Debug */ = {
			isa = XCBuildConfiguration;
			baseConfigurationReference = B3729B81B55DF0677B82E203 /* Pods-greekConnectTests.debug.xcconfig */;
			buildSettings = {
				ALWAYS_EMBED_SWIFT_STANDARD_LIBRARIES = YES;
				BUNDLE_LOADER = "$(TEST_HOST)";
				CODE_SIGN_STYLE = Automatic;
				INFOPLIST_FILE = greekConnectTests/Info.plist;
				LD_RUNPATH_SEARCH_PATHS = (
					"$(inherited)",
					"@executable_path/Frameworks",
					"@loader_path/Frameworks",
				);
				PRODUCT_BUNDLE_IDENTIFIER = com.blueface.greekConnectTests;
				PRODUCT_NAME = "$(TARGET_NAME)";
				SWIFT_VERSION = 4.2;
				TARGETED_DEVICE_FAMILY = "1,2";
				TEST_HOST = "$(BUILT_PRODUCTS_DIR)/greekConnect.app/greekConnect";
			};
			name = Debug;
		};
		3A398958226FE677001EBBF6 /* Release */ = {
			isa = XCBuildConfiguration;
			baseConfigurationReference = 6F022AFEB5130D38619C707B /* Pods-greekConnectTests.release.xcconfig */;
			buildSettings = {
				ALWAYS_EMBED_SWIFT_STANDARD_LIBRARIES = YES;
				BUNDLE_LOADER = "$(TEST_HOST)";
				CODE_SIGN_STYLE = Automatic;
				INFOPLIST_FILE = greekConnectTests/Info.plist;
				LD_RUNPATH_SEARCH_PATHS = (
					"$(inherited)",
					"@executable_path/Frameworks",
					"@loader_path/Frameworks",
				);
				PRODUCT_BUNDLE_IDENTIFIER = com.blueface.greekConnectTests;
				PRODUCT_NAME = "$(TARGET_NAME)";
				SWIFT_VERSION = 4.2;
				TARGETED_DEVICE_FAMILY = "1,2";
				TEST_HOST = "$(BUILT_PRODUCTS_DIR)/greekConnect.app/greekConnect";
			};
			name = Release;
		};
		3A39895A226FE677001EBBF6 /* Debug */ = {
			isa = XCBuildConfiguration;
			baseConfigurationReference = 5FC56BBA2D6DBF5E481EB0B2 /* Pods-greekConnectUITests.debug.xcconfig */;
			buildSettings = {
				ALWAYS_EMBED_SWIFT_STANDARD_LIBRARIES = YES;
				CODE_SIGN_STYLE = Automatic;
				INFOPLIST_FILE = greekConnectUITests/Info.plist;
				LD_RUNPATH_SEARCH_PATHS = (
					"$(inherited)",
					"@executable_path/Frameworks",
					"@loader_path/Frameworks",
				);
				PRODUCT_BUNDLE_IDENTIFIER = com.blueface.greekConnectUITests;
				PRODUCT_NAME = "$(TARGET_NAME)";
				SWIFT_VERSION = 4.2;
				TARGETED_DEVICE_FAMILY = "1,2";
				TEST_TARGET_NAME = greekConnect;
			};
			name = Debug;
		};
		3A39895B226FE677001EBBF6 /* Release */ = {
			isa = XCBuildConfiguration;
			baseConfigurationReference = 088E82ADF773F96C008DBDCF /* Pods-greekConnectUITests.release.xcconfig */;
			buildSettings = {
				ALWAYS_EMBED_SWIFT_STANDARD_LIBRARIES = YES;
				CODE_SIGN_STYLE = Automatic;
				INFOPLIST_FILE = greekConnectUITests/Info.plist;
				LD_RUNPATH_SEARCH_PATHS = (
					"$(inherited)",
					"@executable_path/Frameworks",
					"@loader_path/Frameworks",
				);
				PRODUCT_BUNDLE_IDENTIFIER = com.blueface.greekConnectUITests;
				PRODUCT_NAME = "$(TARGET_NAME)";
				SWIFT_VERSION = 4.2;
				TARGETED_DEVICE_FAMILY = "1,2";
				TEST_TARGET_NAME = greekConnect;
			};
			name = Release;
		};
/* End XCBuildConfiguration section */

/* Begin XCConfigurationList section */
		3A398926226FE675001EBBF6 /* Build configuration list for PBXProject "greekConnect" */ = {
			isa = XCConfigurationList;
			buildConfigurations = (
				3A398951226FE677001EBBF6 /* Debug */,
				3A398952226FE677001EBBF6 /* Release */,
			);
			defaultConfigurationIsVisible = 0;
			defaultConfigurationName = Release;
		};
		3A398953226FE677001EBBF6 /* Build configuration list for PBXNativeTarget "greekConnect" */ = {
			isa = XCConfigurationList;
			buildConfigurations = (
				3A398954226FE677001EBBF6 /* Debug */,
				3A398955226FE677001EBBF6 /* Release */,
			);
			defaultConfigurationIsVisible = 0;
			defaultConfigurationName = Release;
		};
		3A398956226FE677001EBBF6 /* Build configuration list for PBXNativeTarget "greekConnectTests" */ = {
			isa = XCConfigurationList;
			buildConfigurations = (
				3A398957226FE677001EBBF6 /* Debug */,
				3A398958226FE677001EBBF6 /* Release */,
			);
			defaultConfigurationIsVisible = 0;
			defaultConfigurationName = Release;
		};
		3A398959226FE677001EBBF6 /* Build configuration list for PBXNativeTarget "greekConnectUITests" */ = {
			isa = XCConfigurationList;
			buildConfigurations = (
				3A39895A226FE677001EBBF6 /* Debug */,
				3A39895B226FE677001EBBF6 /* Release */,
			);
			defaultConfigurationIsVisible = 0;
			defaultConfigurationName = Release;
		};
/* End XCConfigurationList section */
	};
	rootObject = 3A398923226FE675001EBBF6 /* Project object */;
}
